
Microsoft Visual Studio Solution File, Format Version 12.00
# Visual Studio 15
VisualStudioVersion = 15.0.27130.2036
MinimumVisualStudioVersion = 10.0.40219.1
Project("{FAE04EC0-301F-11D3-BF4B-00C04F79EFBC}") = "IteratorPattern", "IteratorPattern\IteratorPattern.csproj", "{E020AC49-31B9-440B-9E24-243F4AE89416}"
EndProject
Project("{FAE04EC0-301F-11D3-BF4B-00C04F79EFBC}") = "AdapterPattern", "AdapterPattern\AdapterPattern.csproj", "{8760FB95-EB9C-4CB5-8860-268EAD96B035}"
EndProject
Project("{FAE04EC0-301F-11D3-BF4B-00C04F79EFBC}") = "TemplateMethodPattern", "TemplateMethodPattern\TemplateMethodPattern.csproj", "{1B85E6D6-EE56-468A-A5AB-278F4A7E2385}"
EndProject
Project("{FAE04EC0-301F-11D3-BF4B-00C04F79EFBC}") = "FactoryMethodPattern", "FactoryMethodPattern\FactoryMethodPattern.csproj", "{BFE30E33-1FF1-4A00-B76D-0D8AE731FB9F}"
EndProject
Project("{FAE04EC0-301F-11D3-BF4B-00C04F79EFBC}") = "SingletonPattern", "SingletonPattern\SingletonPattern.csproj", "{F7171EC5-F674-4625-A1E6-A312F9F8B431}"
EndProject
Project("{FAE04EC0-301F-11D3-BF4B-00C04F79EFBC}") = "PrototypePattern", "PrototypePattern\PrototypePattern.csproj", "{8E824A45-E260-4424-BE2C-6FBDB86982EC}"
EndProject
Project("{FAE04EC0-301F-11D3-BF4B-00C04F79EFBC}") = "BuilderPattern", "BuilderPattern\BuilderPattern.csproj", "{7AD54F5B-D6BF-4870-8A25-4BCB46D19AC1}"
EndProject
Project("{FAE04EC0-301F-11D3-BF4B-00C04F79EFBC}") = "StrategyPattern", "StrategyPattern\StrategyPattern.csproj", "{CD53FC04-EE91-4C92-B72C-24F708B38D48}"
EndProject
Project("{9A19103F-16F7-4668-BE54-9A1E7A4F7556}") = "CompositePattern", "CompositePattern\CompositePattern.csproj", "{8D20A9C5-B708-4AC5-A3F8-384024BE90C2}"
EndProject
Project("{9A19103F-16F7-4668-BE54-9A1E7A4F7556}") = "DecoratorPattern", "DecoratorPattern\DecoratorPattern.csproj", "{F949CE92-77F6-4A4F-861C-CBF19F736132}"
EndProject
Project("{9A19103F-16F7-4668-BE54-9A1E7A4F7556}") = "VisitorPattern", "VisitorPattern\VisitorPattern.csproj", "{A20985C0-4AE0-43A3-AEA2-2EEE9B49A2C3}"
EndProject
Project("{9A19103F-16F7-4668-BE54-9A1E7A4F7556}") = "ChainOfResponsibilityPattern", "ChainOfResponsibilityPattern\ChainOfResponsibilityPattern.csproj", "{5719EBB2-FF45-40FD-AF9B-90807C27A7BA}"
EndProject
Project("{9A19103F-16F7-4668-BE54-9A1E7A4F7556}") = "FacadePattern", "FacadePattern\FacadePattern.csproj", "{D749E107-781B-4867-834A-31754FB59286}"
EndProject
Project("{FAE04EC0-301F-11D3-BF4B-00C04F79EFBC}") = "MediatorPattern", "MediatorPattern\MediatorPattern.csproj", "{F1AFF208-21D5-4E30-B789-34D608A22157}"
EndProject
Project("{9A19103F-16F7-4668-BE54-9A1E7A4F7556}") = "MementoPattern", "MementoPattern\MementoPattern.csproj", "{04EEBBC6-3C13-46A2-A359-22E6DDF1ED36}"
EndProject
Project("{FAE04EC0-301F-11D3-BF4B-00C04F79EFBC}") = "StatePattern", "StatePattern\StatePattern.csproj", "{48A7DAA8-4D80-4056-ABE1-638A142A7F41}"
EndProject
Global
	GlobalSection(SolutionConfigurationPlatforms) = preSolution
		Debug|Any CPU = Debug|Any CPU
		Release|Any CPU = Release|Any CPU
	EndGlobalSection
	GlobalSection(ProjectConfigurationPlatforms) = postSolution
		{E020AC49-31B9-440B-9E24-243F4AE89416}.Debug|Any CPU.ActiveCfg = Debug|Any CPU
		{E020AC49-31B9-440B-9E24-243F4AE89416}.Debug|Any CPU.Build.0 = Debug|Any CPU
		{E020AC49-31B9-440B-9E24-243F4AE89416}.Release|Any CPU.ActiveCfg = Release|Any CPU
		{E020AC49-31B9-440B-9E24-243F4AE89416}.Release|Any CPU.Build.0 = Release|Any CPU
		{8760FB95-EB9C-4CB5-8860-268EAD96B035}.Debug|Any CPU.ActiveCfg = Debug|Any CPU
		{8760FB95-EB9C-4CB5-8860-268EAD96B035}.Debug|Any CPU.Build.0 = Debug|Any CPU
		{8760FB95-EB9C-4CB5-8860-268EAD96B035}.Release|Any CPU.ActiveCfg = Release|Any CPU
		{8760FB95-EB9C-4CB5-8860-268EAD96B035}.Release|Any CPU.Build.0 = Release|Any CPU
		{1B85E6D6-EE56-468A-A5AB-278F4A7E2385}.Debug|Any CPU.ActiveCfg = Debug|Any CPU
		{1B85E6D6-EE56-468A-A5AB-278F4A7E2385}.Debug|Any CPU.Build.0 = Debug|Any CPU
		{1B85E6D6-EE56-468A-A5AB-278F4A7E2385}.Release|Any CPU.ActiveCfg = Release|Any CPU
		{1B85E6D6-EE56-468A-A5AB-278F4A7E2385}.Release|Any CPU.Build.0 = Release|Any CPU
		{BFE30E33-1FF1-4A00-B76D-0D8AE731FB9F}.Debug|Any CPU.ActiveCfg = Debug|Any CPU
		{BFE30E33-1FF1-4A00-B76D-0D8AE731FB9F}.Debug|Any CPU.Build.0 = Debug|Any CPU
		{BFE30E33-1FF1-4A00-B76D-0D8AE731FB9F}.Release|Any CPU.ActiveCfg = Release|Any CPU
		{BFE30E33-1FF1-4A00-B76D-0D8AE731FB9F}.Release|Any CPU.Build.0 = Release|Any CPU
		{F7171EC5-F674-4625-A1E6-A312F9F8B431}.Debug|Any CPU.ActiveCfg = Debug|Any CPU
		{F7171EC5-F674-4625-A1E6-A312F9F8B431}.Debug|Any CPU.Build.0 = Debug|Any CPU
		{F7171EC5-F674-4625-A1E6-A312F9F8B431}.Release|Any CPU.ActiveCfg = Release|Any CPU
		{F7171EC5-F674-4625-A1E6-A312F9F8B431}.Release|Any CPU.Build.0 = Release|Any CPU
		{8E824A45-E260-4424-BE2C-6FBDB86982EC}.Debug|Any CPU.ActiveCfg = Debug|Any CPU
		{8E824A45-E260-4424-BE2C-6FBDB86982EC}.Debug|Any CPU.Build.0 = Debug|Any CPU
		{8E824A45-E260-4424-BE2C-6FBDB86982EC}.Release|Any CPU.ActiveCfg = Release|Any CPU
		{8E824A45-E260-4424-BE2C-6FBDB86982EC}.Release|Any CPU.Build.0 = Release|Any CPU
		{7AD54F5B-D6BF-4870-8A25-4BCB46D19AC1}.Debug|Any CPU.ActiveCfg = Debug|Any CPU
		{7AD54F5B-D6BF-4870-8A25-4BCB46D19AC1}.Debug|Any CPU.Build.0 = Debug|Any CPU
		{7AD54F5B-D6BF-4870-8A25-4BCB46D19AC1}.Release|Any CPU.ActiveCfg = Release|Any CPU
		{7AD54F5B-D6BF-4870-8A25-4BCB46D19AC1}.Release|Any CPU.Build.0 = Release|Any CPU
		{CD53FC04-EE91-4C92-B72C-24F708B38D48}.Debug|Any CPU.ActiveCfg = Debug|Any CPU
		{CD53FC04-EE91-4C92-B72C-24F708B38D48}.Debug|Any CPU.Build.0 = Debug|Any CPU
		{CD53FC04-EE91-4C92-B72C-24F708B38D48}.Release|Any CPU.ActiveCfg = Release|Any CPU
		{CD53FC04-EE91-4C92-B72C-24F708B38D48}.Release|Any CPU.Build.0 = Release|Any CPU
		{8D20A9C5-B708-4AC5-A3F8-384024BE90C2}.Debug|Any CPU.ActiveCfg = Debug|Any CPU
		{8D20A9C5-B708-4AC5-A3F8-384024BE90C2}.Debug|Any CPU.Build.0 = Debug|Any CPU
		{8D20A9C5-B708-4AC5-A3F8-384024BE90C2}.Release|Any CPU.ActiveCfg = Release|Any CPU
		{8D20A9C5-B708-4AC5-A3F8-384024BE90C2}.Release|Any CPU.Build.0 = Release|Any CPU
		{F949CE92-77F6-4A4F-861C-CBF19F736132}.Debug|Any CPU.ActiveCfg = Debug|Any CPU
		{F949CE92-77F6-4A4F-861C-CBF19F736132}.Debug|Any CPU.Build.0 = Debug|Any CPU
		{F949CE92-77F6-4A4F-861C-CBF19F736132}.Release|Any CPU.ActiveCfg = Release|Any CPU
		{F949CE92-77F6-4A4F-861C-CBF19F736132}.Release|Any CPU.Build.0 = Release|Any CPU
		{A20985C0-4AE0-43A3-AEA2-2EEE9B49A2C3}.Debug|Any CPU.ActiveCfg = Debug|Any CPU
		{A20985C0-4AE0-43A3-AEA2-2EEE9B49A2C3}.Debug|Any CPU.Build.0 = Debug|Any CPU
		{A20985C0-4AE0-43A3-AEA2-2EEE9B49A2C3}.Release|Any CPU.ActiveCfg = Release|Any CPU
		{A20985C0-4AE0-43A3-AEA2-2EEE9B49A2C3}.Release|Any CPU.Build.0 = Release|Any CPU
		{5719EBB2-FF45-40FD-AF9B-90807C27A7BA}.Debug|Any CPU.ActiveCfg = Debug|Any CPU
		{5719EBB2-FF45-40FD-AF9B-90807C27A7BA}.Debug|Any CPU.Build.0 = Debug|Any CPU
		{5719EBB2-FF45-40FD-AF9B-90807C27A7BA}.Release|Any CPU.ActiveCfg = Release|Any CPU
		{5719EBB2-FF45-40FD-AF9B-90807C27A7BA}.Release|Any CPU.Build.0 = Release|Any CPU
		{D749E107-781B-4867-834A-31754FB59286}.Debug|Any CPU.ActiveCfg = Debug|Any CPU
		{D749E107-781B-4867-834A-31754FB59286}.Debug|Any CPU.Build.0 = Debug|Any CPU
		{D749E107-781B-4867-834A-31754FB59286}.Release|Any CPU.ActiveCfg = Release|Any CPU
		{D749E107-781B-4867-834A-31754FB59286}.Release|Any CPU.Build.0 = Release|Any CPU
		{F1AFF208-21D5-4E30-B789-34D608A22157}.Debug|Any CPU.ActiveCfg = Debug|Any CPU
		{F1AFF208-21D5-4E30-B789-34D608A22157}.Debug|Any CPU.Build.0 = Debug|Any CPU
		{F1AFF208-21D5-4E30-B789-34D608A22157}.Release|Any CPU.ActiveCfg = Release|Any CPU
		{F1AFF208-21D5-4E30-B789-34D608A22157}.Release|Any CPU.Build.0 = Release|Any CPU
		{04EEBBC6-3C13-46A2-A359-22E6DDF1ED36}.Debug|Any CPU.ActiveCfg = Debug|Any CPU
		{04EEBBC6-3C13-46A2-A359-22E6DDF1ED36}.Debug|Any CPU.Build.0 = Debug|Any CPU
		{04EEBBC6-3C13-46A2-A359-22E6DDF1ED36}.Release|Any CPU.ActiveCfg = Release|Any CPU
		{04EEBBC6-3C13-46A2-A359-22E6DDF1ED36}.Release|Any CPU.Build.0 = Release|Any CPU
		{48A7DAA8-4D80-4056-ABE1-638A142A7F41}.Debug|Any CPU.ActiveCfg = Debug|Any CPU
		{48A7DAA8-4D80-4056-ABE1-638A142A7F41}.Debug|Any CPU.Build.0 = Debug|Any CPU
		{48A7DAA8-4D80-4056-ABE1-638A142A7F41}.Release|Any CPU.ActiveCfg = Release|Any CPU
		{48A7DAA8-4D80-4056-ABE1-638A142A7F41}.Release|Any CPU.Build.0 = Release|Any CPU
	EndGlobalSection
	GlobalSection(SolutionProperties) = preSolution
		HideSolutionNode = FALSE
	EndGlobalSection
	GlobalSection(ExtensibilityGlobals) = postSolution
		SolutionGuid = {A1646138-027C-487C-B659-9519B3FE993F}
	EndGlobalSection
EndGlobal
